
Microsoft Visual Studio Solution File, Format Version 12.00
# Visual Studio Version 17
VisualStudioVersion = 17.7.34221.43
MinimumVisualStudioVersion = 10.0.40219.1
Project("{FAE04EC0-301F-11D3-BF4B-00C04F79EFBC}") = "NewClassPractice05.03.2024", "NewClassPractice05.03.2024\NewClassPractice05.03.2024.csproj", "{80212DFD-6C92-4B0D-826C-AA0513AA9E06}"
EndProject
Global
	GlobalSection(SolutionConfigurationPlatforms) = preSolution
		Debug|Any CPU = Debug|Any CPU
		Release|Any CPU = Release|Any CPU
	EndGlobalSection
	GlobalSection(ProjectConfigurationPlatforms) = postSolution
		{80212DFD-6C92-4B0D-826C-AA0513AA9E06}.Debug|Any CPU.ActiveCfg = Debug|Any CPU
		{80212DFD-6C92-4B0D-826C-AA0513AA9E06}.Debug|Any CPU.Build.0 = Debug|Any CPU
		{80212DFD-6C92-4B0D-826C-AA0513AA9E06}.Release|Any CPU.ActiveCfg = Release|Any CPU
		{80212DFD-6C92-4B0D-826C-AA0513AA9E06}.Release|Any CPU.Build.0 = Release|Any CPU
	EndGlobalSection
	GlobalSection(SolutionProperties) = preSolution
		HideSolutionNode = FALSE
	EndGlobalSection
	GlobalSection(ExtensibilityGlobals) = postSolution
		SolutionGuid = {11118451-3C40-4FF5-9D83-45BEE245D350}
	EndGlobalSection
EndGlobal
